
Microsoft Visual Studio Solution File, Format Version 12.00
# Visual Studio Version 16
VisualStudioVersion = 16.0.30011.22
MinimumVisualStudioVersion = 10.0.40219.1
Project("{FAE04EC0-301F-11D3-BF4B-00C04F79EFBC}") = "Shopify.TestScripts", "Shopify.TestScripts\Shopify.TestScripts.csproj", "{CCFEC1A2-4A70-4DBE-A346-5F1E7AED719E}"
EndProject
Global
	GlobalSection(SolutionConfigurationPlatforms) = preSolution
		Debug|Any CPU = Debug|Any CPU
		Release|Any CPU = Release|Any CPU
	EndGlobalSection
	GlobalSection(ProjectConfigurationPlatforms) = postSolution
		{CCFEC1A2-4A70-4DBE-A346-5F1E7AED719E}.Debug|Any CPU.ActiveCfg = Debug|Any CPU
		{CCFEC1A2-4A70-4DBE-A346-5F1E7AED719E}.Debug|Any CPU.Build.0 = Debug|Any CPU
		{CCFEC1A2-4A70-4DBE-A346-5F1E7AED719E}.Release|Any CPU.ActiveCfg = Release|Any CPU
		{CCFEC1A2-4A70-4DBE-A346-5F1E7AED719E}.Release|Any CPU.Build.0 = Release|Any CPU
	EndGlobalSection
	GlobalSection(SolutionProperties) = preSolution
		HideSolutionNode = FALSE
	EndGlobalSection
	GlobalSection(ExtensibilityGlobals) = postSolution
		SolutionGuid = {F82D8759-9822-4776-91A2-E1FFB073FA48}
	EndGlobalSection
EndGlobal
